
Microsoft Visual Studio Solution File, Format Version 12.00
# Visual Studio 15
VisualStudioVersion = 15.0.27004.2002
MinimumVisualStudioVersion = 10.0.40219.1
Project("{9A19103F-16F7-4668-BE54-9A1E7A4F7556}") = "Epos.Utilities", "Epos.Utilities\Epos.Utilities.csproj", "{EE4FC9BD-A8A0-488B-A48E-A33398DB5411}"
EndProject
Project("{9A19103F-16F7-4668-BE54-9A1E7A4F7556}") = "Epos.Utilities.Tests", "Epos.Utilities.Tests\Epos.Utilities.Tests.csproj", "{DA8C3735-1780-4ADF-8556-27A931544D27}"
EndProject
Project("{2150E333-8FDC-42A3-9474-1A3956D46DE8}") = "0. Solution Items", "0. Solution Items", "{D21CA2B7-1F26-41BC-91AA-19E0423E622D}"
	ProjectSection(SolutionItems) = preProject
		.gitattributes = .gitattributes
		.gitignore = .gitignore
		LICENSE = LICENSE
		README.md = README.md
	EndProjectSection
EndProject
Project("{9A19103F-16F7-4668-BE54-9A1E7A4F7556}") = "Epos.CmdLine", "Epos.CmdLine\Epos.CmdLine.csproj", "{CD4721AD-6017-42E5-8E9C-C8D12E57FBFB}"
EndProject
Project("{2150E333-8FDC-42A3-9474-1A3956D46DE8}") = "2. CmdLine", "2. CmdLine", "{174A667F-ED3D-40CC-ADF9-99821E06FC45}"
EndProject
Project("{2150E333-8FDC-42A3-9474-1A3956D46DE8}") = "1. Utilities", "1. Utilities", "{024B8832-8D26-437F-9460-1A916D49B5A5}"
EndProject
Project("{9A19103F-16F7-4668-BE54-9A1E7A4F7556}") = "Epos.CmdLine.Tests", "Epos.CmdLine.Tests\Epos.CmdLine.Tests.csproj", "{E8DB5440-EDDA-4115-92DC-9E44795C6F9A}"
EndProject
Project("{9A19103F-16F7-4668-BE54-9A1E7A4F7556}") = "Epos.CmdLine.Sample", "Epos.CmdLine.Sample\Epos.CmdLine.Sample.csproj", "{A82D7560-CA22-49D0-9670-558E2F30BB0D}"
EndProject
Project("{2150E333-8FDC-42A3-9474-1A3956D46DE8}") = "3. Docs", "3. Docs", "{F6FDFD3A-775A-40CB-B659-4B1FE7122348}"
EndProject
Project("{9A19103F-16F7-4668-BE54-9A1E7A4F7556}") = "Epos.Foundation.Docs", "Epos.Foundation.Docs\Epos.Foundation.Docs.csproj", "{303FB2C7-1219-4859-B9F2-2A4F30391D01}"
EndProject
Project("{9A19103F-16F7-4668-BE54-9A1E7A4F7556}") = "Epos.Utilities.Benchmarks", "Epos.Utilities.Benchmarks\Epos.Utilities.Benchmarks.csproj", "{5F7665B9-8DA8-408A-B8D3-0598D89E8223}"
EndProject
Global
	GlobalSection(SolutionConfigurationPlatforms) = preSolution
		Debug|Any CPU = Debug|Any CPU
		Release|Any CPU = Release|Any CPU
	EndGlobalSection
	GlobalSection(ProjectConfigurationPlatforms) = postSolution
		{EE4FC9BD-A8A0-488B-A48E-A33398DB5411}.Debug|Any CPU.ActiveCfg = Debug|Any CPU
		{EE4FC9BD-A8A0-488B-A48E-A33398DB5411}.Debug|Any CPU.Build.0 = Debug|Any CPU
		{EE4FC9BD-A8A0-488B-A48E-A33398DB5411}.Release|Any CPU.ActiveCfg = Release|Any CPU
		{EE4FC9BD-A8A0-488B-A48E-A33398DB5411}.Release|Any CPU.Build.0 = Release|Any CPU
		{DA8C3735-1780-4ADF-8556-27A931544D27}.Debug|Any CPU.ActiveCfg = Debug|Any CPU
		{DA8C3735-1780-4ADF-8556-27A931544D27}.Debug|Any CPU.Build.0 = Debug|Any CPU
		{DA8C3735-1780-4ADF-8556-27A931544D27}.Release|Any CPU.ActiveCfg = Release|Any CPU
		{DA8C3735-1780-4ADF-8556-27A931544D27}.Release|Any CPU.Build.0 = Release|Any CPU
		{CD4721AD-6017-42E5-8E9C-C8D12E57FBFB}.Debug|Any CPU.ActiveCfg = Debug|Any CPU
		{CD4721AD-6017-42E5-8E9C-C8D12E57FBFB}.Debug|Any CPU.Build.0 = Debug|Any CPU
		{CD4721AD-6017-42E5-8E9C-C8D12E57FBFB}.Release|Any CPU.ActiveCfg = Release|Any CPU
		{CD4721AD-6017-42E5-8E9C-C8D12E57FBFB}.Release|Any CPU.Build.0 = Release|Any CPU
		{E8DB5440-EDDA-4115-92DC-9E44795C6F9A}.Debug|Any CPU.ActiveCfg = Debug|Any CPU
		{E8DB5440-EDDA-4115-92DC-9E44795C6F9A}.Debug|Any CPU.Build.0 = Debug|Any CPU
		{E8DB5440-EDDA-4115-92DC-9E44795C6F9A}.Release|Any CPU.ActiveCfg = Release|Any CPU
		{E8DB5440-EDDA-4115-92DC-9E44795C6F9A}.Release|Any CPU.Build.0 = Release|Any CPU
		{A82D7560-CA22-49D0-9670-558E2F30BB0D}.Debug|Any CPU.ActiveCfg = Debug|Any CPU
		{A82D7560-CA22-49D0-9670-558E2F30BB0D}.Debug|Any CPU.Build.0 = Debug|Any CPU
		{A82D7560-CA22-49D0-9670-558E2F30BB0D}.Release|Any CPU.ActiveCfg = Release|Any CPU
		{A82D7560-CA22-49D0-9670-558E2F30BB0D}.Release|Any CPU.Build.0 = Release|Any CPU
		{303FB2C7-1219-4859-B9F2-2A4F30391D01}.Debug|Any CPU.ActiveCfg = Debug|Any CPU
		{303FB2C7-1219-4859-B9F2-2A4F30391D01}.Debug|Any CPU.Build.0 = Debug|Any CPU
		{303FB2C7-1219-4859-B9F2-2A4F30391D01}.Release|Any CPU.ActiveCfg = Release|Any CPU
		{303FB2C7-1219-4859-B9F2-2A4F30391D01}.Release|Any CPU.Build.0 = Release|Any CPU
		{5F7665B9-8DA8-408A-B8D3-0598D89E8223}.Debug|Any CPU.ActiveCfg = Debug|Any CPU
		{5F7665B9-8DA8-408A-B8D3-0598D89E8223}.Debug|Any CPU.Build.0 = Debug|Any CPU
		{5F7665B9-8DA8-408A-B8D3-0598D89E8223}.Release|Any CPU.ActiveCfg = Release|Any CPU
		{5F7665B9-8DA8-408A-B8D3-0598D89E8223}.Release|Any CPU.Build.0 = Release|Any CPU
	EndGlobalSection
	GlobalSection(SolutionProperties) = preSolution
		HideSolutionNode = FALSE
	EndGlobalSection
	GlobalSection(NestedProjects) = preSolution
		{EE4FC9BD-A8A0-488B-A48E-A33398DB5411} = {024B8832-8D26-437F-9460-1A916D49B5A5}
		{DA8C3735-1780-4ADF-8556-27A931544D27} = {024B8832-8D26-437F-9460-1A916D49B5A5}
		{CD4721AD-6017-42E5-8E9C-C8D12E57FBFB} = {174A667F-ED3D-40CC-ADF9-99821E06FC45}
		{E8DB5440-EDDA-4115-92DC-9E44795C6F9A} = {174A667F-ED3D-40CC-ADF9-99821E06FC45}
		{A82D7560-CA22-49D0-9670-558E2F30BB0D} = {174A667F-ED3D-40CC-ADF9-99821E06FC45}
		{303FB2C7-1219-4859-B9F2-2A4F30391D01} = {F6FDFD3A-775A-40CB-B659-4B1FE7122348}
		{5F7665B9-8DA8-408A-B8D3-0598D89E8223} = {024B8832-8D26-437F-9460-1A916D49B5A5}
	EndGlobalSection
	GlobalSection(ExtensibilityGlobals) = postSolution
		SolutionGuid = {A6E9830A-11C2-440E-9619-4A10D50BCB59}
	EndGlobalSection
EndGlobal
