Microsoft Visual Studio Solution File, Format Version 12.00
# Visual Studio Version 16
VisualStudioVersion = 16.0.28407.52
MinimumVisualStudioVersion = 15.0.26124.0
Project("{2150E333-8FDC-42A3-9474-1A3956D46DE8}") = "src", "src", "{73C9739B-35D7-4153-B5EC-59A461BD39B2}"
EndProject
Project("{9A19103F-16F7-4668-BE54-9A1E7A4F7556}") = "Epos.CommandLine", "src\Epos.CommandLine\Epos.CommandLine.csproj", "{73AB4500-0876-4244-B592-50E235A14DCB}"
EndProject
Project("{9A19103F-16F7-4668-BE54-9A1E7A4F7556}") = "Epos.CommandLine.Sample", "src\Epos.CommandLine.Sample\Epos.CommandLine.Sample.csproj", "{31CA76C4-83DA-461A-9018-FBC889A11386}"
EndProject
Project("{9A19103F-16F7-4668-BE54-9A1E7A4F7556}") = "Epos.CommandLine.Tests", "src\Epos.CommandLine.Tests\Epos.CommandLine.Tests.csproj", "{C465718C-4CC1-44CF-8240-AC7779B599FC}"
EndProject
Project("{9A19103F-16F7-4668-BE54-9A1E7A4F7556}") = "Epos.Foundation.Docs", "docs\Epos.Foundation.Docs.csproj", "{A82487A9-DE80-451E-B700-2B93761E2D87}"
EndProject
Project("{9A19103F-16F7-4668-BE54-9A1E7A4F7556}") = "Epos.Utilities", "src\Epos.Utilities\Epos.Utilities.csproj", "{4BEB27CE-DDD7-4550-9C54-D61A38EB534A}"
EndProject
Project("{9A19103F-16F7-4668-BE54-9A1E7A4F7556}") = "Epos.Utilities.Tests", "src\Epos.Utilities.Tests\Epos.Utilities.Tests.csproj", "{4FF552C9-AE26-47C2-9A3F-A623916FD626}"
EndProject
Project("{9A19103F-16F7-4668-BE54-9A1E7A4F7556}") = "Epos.Utilities.Web", "src\Epos.Utilities.Web\Epos.Utilities.Web.csproj", "{6C04CD8E-99DE-4822-B6F3-640456BAAAE9}"
EndProject
Project("{9A19103F-16F7-4668-BE54-9A1E7A4F7556}") = "Epos.Utilities.Web.Tests", "src\Epos.Utilities.Web.Tests\Epos.Utilities.Web.Tests.csproj", "{18F9E525-B804-44C1-B516-DEA37591E4E9}"
EndProject
Project("{9A19103F-16F7-4668-BE54-9A1E7A4F7556}") = "Epos.TestUtilities", "src\Epos.TestUtilities\Epos.TestUtilities.csproj", "{08FEB9DD-BC24-49BC-8744-50FF41238897}"
EndProject
Project("{FAE04EC0-301F-11D3-BF4B-00C04F79EFBC}") = "Epos.TestUtilities.Tests", "src\Epos.TestUtilities.Tests\Epos.TestUtilities.Tests.csproj", "{04B0DAA4-6B09-4F28-8C7C-08566024BB6B}"
EndProject
Global
	GlobalSection(SolutionConfigurationPlatforms) = preSolution
		Debug|Any CPU = Debug|Any CPU
		Debug|x64 = Debug|x64
		Debug|x86 = Debug|x86
		Release|Any CPU = Release|Any CPU
		Release|x64 = Release|x64
		Release|x86 = Release|x86
	EndGlobalSection
	GlobalSection(ProjectConfigurationPlatforms) = postSolution
		{73AB4500-0876-4244-B592-50E235A14DCB}.Debug|Any CPU.ActiveCfg = Debug|Any CPU
		{73AB4500-0876-4244-B592-50E235A14DCB}.Debug|Any CPU.Build.0 = Debug|Any CPU
		{73AB4500-0876-4244-B592-50E235A14DCB}.Debug|x64.ActiveCfg = Debug|Any CPU
		{73AB4500-0876-4244-B592-50E235A14DCB}.Debug|x64.Build.0 = Debug|Any CPU
		{73AB4500-0876-4244-B592-50E235A14DCB}.Debug|x86.ActiveCfg = Debug|Any CPU
		{73AB4500-0876-4244-B592-50E235A14DCB}.Debug|x86.Build.0 = Debug|Any CPU
		{73AB4500-0876-4244-B592-50E235A14DCB}.Release|Any CPU.ActiveCfg = Release|Any CPU
		{73AB4500-0876-4244-B592-50E235A14DCB}.Release|Any CPU.Build.0 = Release|Any CPU
		{73AB4500-0876-4244-B592-50E235A14DCB}.Release|x64.ActiveCfg = Release|Any CPU
		{73AB4500-0876-4244-B592-50E235A14DCB}.Release|x64.Build.0 = Release|Any CPU
		{73AB4500-0876-4244-B592-50E235A14DCB}.Release|x86.ActiveCfg = Release|Any CPU
		{73AB4500-0876-4244-B592-50E235A14DCB}.Release|x86.Build.0 = Release|Any CPU
		{31CA76C4-83DA-461A-9018-FBC889A11386}.Debug|Any CPU.ActiveCfg = Debug|Any CPU
		{31CA76C4-83DA-461A-9018-FBC889A11386}.Debug|Any CPU.Build.0 = Debug|Any CPU
		{31CA76C4-83DA-461A-9018-FBC889A11386}.Debug|x64.ActiveCfg = Debug|Any CPU
		{31CA76C4-83DA-461A-9018-FBC889A11386}.Debug|x64.Build.0 = Debug|Any CPU
		{31CA76C4-83DA-461A-9018-FBC889A11386}.Debug|x86.ActiveCfg = Debug|Any CPU
		{31CA76C4-83DA-461A-9018-FBC889A11386}.Debug|x86.Build.0 = Debug|Any CPU
		{31CA76C4-83DA-461A-9018-FBC889A11386}.Release|Any CPU.ActiveCfg = Release|Any CPU
		{31CA76C4-83DA-461A-9018-FBC889A11386}.Release|Any CPU.Build.0 = Release|Any CPU
		{31CA76C4-83DA-461A-9018-FBC889A11386}.Release|x64.ActiveCfg = Release|Any CPU
		{31CA76C4-83DA-461A-9018-FBC889A11386}.Release|x64.Build.0 = Release|Any CPU
		{31CA76C4-83DA-461A-9018-FBC889A11386}.Release|x86.ActiveCfg = Release|Any CPU
		{31CA76C4-83DA-461A-9018-FBC889A11386}.Release|x86.Build.0 = Release|Any CPU
		{C465718C-4CC1-44CF-8240-AC7779B599FC}.Debug|Any CPU.ActiveCfg = Debug|Any CPU
		{C465718C-4CC1-44CF-8240-AC7779B599FC}.Debug|Any CPU.Build.0 = Debug|Any CPU
		{C465718C-4CC1-44CF-8240-AC7779B599FC}.Debug|x64.ActiveCfg = Debug|Any CPU
		{C465718C-4CC1-44CF-8240-AC7779B599FC}.Debug|x64.Build.0 = Debug|Any CPU
		{C465718C-4CC1-44CF-8240-AC7779B599FC}.Debug|x86.ActiveCfg = Debug|Any CPU
		{C465718C-4CC1-44CF-8240-AC7779B599FC}.Debug|x86.Build.0 = Debug|Any CPU
		{C465718C-4CC1-44CF-8240-AC7779B599FC}.Release|Any CPU.ActiveCfg = Release|Any CPU
		{C465718C-4CC1-44CF-8240-AC7779B599FC}.Release|Any CPU.Build.0 = Release|Any CPU
		{C465718C-4CC1-44CF-8240-AC7779B599FC}.Release|x64.ActiveCfg = Release|Any CPU
		{C465718C-4CC1-44CF-8240-AC7779B599FC}.Release|x64.Build.0 = Release|Any CPU
		{C465718C-4CC1-44CF-8240-AC7779B599FC}.Release|x86.ActiveCfg = Release|Any CPU
		{C465718C-4CC1-44CF-8240-AC7779B599FC}.Release|x86.Build.0 = Release|Any CPU
		{A82487A9-DE80-451E-B700-2B93761E2D87}.Debug|Any CPU.ActiveCfg = Debug|Any CPU
		{A82487A9-DE80-451E-B700-2B93761E2D87}.Debug|Any CPU.Build.0 = Debug|Any CPU
		{A82487A9-DE80-451E-B700-2B93761E2D87}.Debug|x64.ActiveCfg = Debug|Any CPU
		{A82487A9-DE80-451E-B700-2B93761E2D87}.Debug|x64.Build.0 = Debug|Any CPU
		{A82487A9-DE80-451E-B700-2B93761E2D87}.Debug|x86.ActiveCfg = Debug|Any CPU
		{A82487A9-DE80-451E-B700-2B93761E2D87}.Debug|x86.Build.0 = Debug|Any CPU
		{A82487A9-DE80-451E-B700-2B93761E2D87}.Release|Any CPU.ActiveCfg = Release|Any CPU
		{A82487A9-DE80-451E-B700-2B93761E2D87}.Release|Any CPU.Build.0 = Release|Any CPU
		{A82487A9-DE80-451E-B700-2B93761E2D87}.Release|x64.ActiveCfg = Release|Any CPU
		{A82487A9-DE80-451E-B700-2B93761E2D87}.Release|x64.Build.0 = Release|Any CPU
		{A82487A9-DE80-451E-B700-2B93761E2D87}.Release|x86.ActiveCfg = Release|Any CPU
		{A82487A9-DE80-451E-B700-2B93761E2D87}.Release|x86.Build.0 = Release|Any CPU
		{4BEB27CE-DDD7-4550-9C54-D61A38EB534A}.Debug|Any CPU.ActiveCfg = Debug|Any CPU
		{4BEB27CE-DDD7-4550-9C54-D61A38EB534A}.Debug|Any CPU.Build.0 = Debug|Any CPU
		{4BEB27CE-DDD7-4550-9C54-D61A38EB534A}.Debug|x64.ActiveCfg = Debug|Any CPU
		{4BEB27CE-DDD7-4550-9C54-D61A38EB534A}.Debug|x64.Build.0 = Debug|Any CPU
		{4BEB27CE-DDD7-4550-9C54-D61A38EB534A}.Debug|x86.ActiveCfg = Debug|Any CPU
		{4BEB27CE-DDD7-4550-9C54-D61A38EB534A}.Debug|x86.Build.0 = Debug|Any CPU
		{4BEB27CE-DDD7-4550-9C54-D61A38EB534A}.Release|Any CPU.ActiveCfg = Release|Any CPU
		{4BEB27CE-DDD7-4550-9C54-D61A38EB534A}.Release|Any CPU.Build.0 = Release|Any CPU
		{4BEB27CE-DDD7-4550-9C54-D61A38EB534A}.Release|x64.ActiveCfg = Release|Any CPU
		{4BEB27CE-DDD7-4550-9C54-D61A38EB534A}.Release|x64.Build.0 = Release|Any CPU
		{4BEB27CE-DDD7-4550-9C54-D61A38EB534A}.Release|x86.ActiveCfg = Release|Any CPU
		{4BEB27CE-DDD7-4550-9C54-D61A38EB534A}.Release|x86.Build.0 = Release|Any CPU
		{4FF552C9-AE26-47C2-9A3F-A623916FD626}.Debug|Any CPU.ActiveCfg = Debug|Any CPU
		{4FF552C9-AE26-47C2-9A3F-A623916FD626}.Debug|Any CPU.Build.0 = Debug|Any CPU
		{4FF552C9-AE26-47C2-9A3F-A623916FD626}.Debug|x64.ActiveCfg = Debug|Any CPU
		{4FF552C9-AE26-47C2-9A3F-A623916FD626}.Debug|x64.Build.0 = Debug|Any CPU
		{4FF552C9-AE26-47C2-9A3F-A623916FD626}.Debug|x86.ActiveCfg = Debug|Any CPU
		{4FF552C9-AE26-47C2-9A3F-A623916FD626}.Debug|x86.Build.0 = Debug|Any CPU
		{4FF552C9-AE26-47C2-9A3F-A623916FD626}.Release|Any CPU.ActiveCfg = Release|Any CPU
		{4FF552C9-AE26-47C2-9A3F-A623916FD626}.Release|Any CPU.Build.0 = Release|Any CPU
		{4FF552C9-AE26-47C2-9A3F-A623916FD626}.Release|x64.ActiveCfg = Release|Any CPU
		{4FF552C9-AE26-47C2-9A3F-A623916FD626}.Release|x64.Build.0 = Release|Any CPU
		{4FF552C9-AE26-47C2-9A3F-A623916FD626}.Release|x86.ActiveCfg = Release|Any CPU
		{4FF552C9-AE26-47C2-9A3F-A623916FD626}.Release|x86.Build.0 = Release|Any CPU
		{6C04CD8E-99DE-4822-B6F3-640456BAAAE9}.Debug|Any CPU.ActiveCfg = Debug|Any CPU
		{6C04CD8E-99DE-4822-B6F3-640456BAAAE9}.Debug|Any CPU.Build.0 = Debug|Any CPU
		{6C04CD8E-99DE-4822-B6F3-640456BAAAE9}.Debug|x64.ActiveCfg = Debug|Any CPU
		{6C04CD8E-99DE-4822-B6F3-640456BAAAE9}.Debug|x64.Build.0 = Debug|Any CPU
		{6C04CD8E-99DE-4822-B6F3-640456BAAAE9}.Debug|x86.ActiveCfg = Debug|Any CPU
		{6C04CD8E-99DE-4822-B6F3-640456BAAAE9}.Debug|x86.Build.0 = Debug|Any CPU
		{6C04CD8E-99DE-4822-B6F3-640456BAAAE9}.Release|Any CPU.ActiveCfg = Release|Any CPU
		{6C04CD8E-99DE-4822-B6F3-640456BAAAE9}.Release|Any CPU.Build.0 = Release|Any CPU
		{6C04CD8E-99DE-4822-B6F3-640456BAAAE9}.Release|x64.ActiveCfg = Release|Any CPU
		{6C04CD8E-99DE-4822-B6F3-640456BAAAE9}.Release|x64.Build.0 = Release|Any CPU
		{6C04CD8E-99DE-4822-B6F3-640456BAAAE9}.Release|x86.ActiveCfg = Release|Any CPU
		{6C04CD8E-99DE-4822-B6F3-640456BAAAE9}.Release|x86.Build.0 = Release|Any CPU
		{18F9E525-B804-44C1-B516-DEA37591E4E9}.Debug|Any CPU.ActiveCfg = Debug|Any CPU
		{18F9E525-B804-44C1-B516-DEA37591E4E9}.Debug|Any CPU.Build.0 = Debug|Any CPU
		{18F9E525-B804-44C1-B516-DEA37591E4E9}.Debug|x64.ActiveCfg = Debug|Any CPU
		{18F9E525-B804-44C1-B516-DEA37591E4E9}.Debug|x64.Build.0 = Debug|Any CPU
		{18F9E525-B804-44C1-B516-DEA37591E4E9}.Debug|x86.ActiveCfg = Debug|Any CPU
		{18F9E525-B804-44C1-B516-DEA37591E4E9}.Debug|x86.Build.0 = Debug|Any CPU
		{18F9E525-B804-44C1-B516-DEA37591E4E9}.Release|Any CPU.ActiveCfg = Release|Any CPU
		{18F9E525-B804-44C1-B516-DEA37591E4E9}.Release|Any CPU.Build.0 = Release|Any CPU
		{18F9E525-B804-44C1-B516-DEA37591E4E9}.Release|x64.ActiveCfg = Release|Any CPU
		{18F9E525-B804-44C1-B516-DEA37591E4E9}.Release|x64.Build.0 = Release|Any CPU
		{18F9E525-B804-44C1-B516-DEA37591E4E9}.Release|x86.ActiveCfg = Release|Any CPU
		{18F9E525-B804-44C1-B516-DEA37591E4E9}.Release|x86.Build.0 = Release|Any CPU
		{08FEB9DD-BC24-49BC-8744-50FF41238897}.Debug|Any CPU.ActiveCfg = Debug|Any CPU
		{08FEB9DD-BC24-49BC-8744-50FF41238897}.Debug|Any CPU.Build.0 = Debug|Any CPU
		{08FEB9DD-BC24-49BC-8744-50FF41238897}.Debug|x64.ActiveCfg = Debug|Any CPU
		{08FEB9DD-BC24-49BC-8744-50FF41238897}.Debug|x64.Build.0 = Debug|Any CPU
		{08FEB9DD-BC24-49BC-8744-50FF41238897}.Debug|x86.ActiveCfg = Debug|Any CPU
		{08FEB9DD-BC24-49BC-8744-50FF41238897}.Debug|x86.Build.0 = Debug|Any CPU
		{08FEB9DD-BC24-49BC-8744-50FF41238897}.Release|Any CPU.ActiveCfg = Release|Any CPU
		{08FEB9DD-BC24-49BC-8744-50FF41238897}.Release|Any CPU.Build.0 = Release|Any CPU
		{08FEB9DD-BC24-49BC-8744-50FF41238897}.Release|x64.ActiveCfg = Release|Any CPU
		{08FEB9DD-BC24-49BC-8744-50FF41238897}.Release|x64.Build.0 = Release|Any CPU
		{08FEB9DD-BC24-49BC-8744-50FF41238897}.Release|x86.ActiveCfg = Release|Any CPU
		{08FEB9DD-BC24-49BC-8744-50FF41238897}.Release|x86.Build.0 = Release|Any CPU
		{04B0DAA4-6B09-4F28-8C7C-08566024BB6B}.Debug|Any CPU.ActiveCfg = Debug|Any CPU
		{04B0DAA4-6B09-4F28-8C7C-08566024BB6B}.Debug|Any CPU.Build.0 = Debug|Any CPU
		{04B0DAA4-6B09-4F28-8C7C-08566024BB6B}.Debug|x64.ActiveCfg = Debug|Any CPU
		{04B0DAA4-6B09-4F28-8C7C-08566024BB6B}.Debug|x64.Build.0 = Debug|Any CPU
		{04B0DAA4-6B09-4F28-8C7C-08566024BB6B}.Debug|x86.ActiveCfg = Debug|Any CPU
		{04B0DAA4-6B09-4F28-8C7C-08566024BB6B}.Debug|x86.Build.0 = Debug|Any CPU
		{04B0DAA4-6B09-4F28-8C7C-08566024BB6B}.Release|Any CPU.ActiveCfg = Release|Any CPU
		{04B0DAA4-6B09-4F28-8C7C-08566024BB6B}.Release|Any CPU.Build.0 = Release|Any CPU
		{04B0DAA4-6B09-4F28-8C7C-08566024BB6B}.Release|x64.ActiveCfg = Release|Any CPU
		{04B0DAA4-6B09-4F28-8C7C-08566024BB6B}.Release|x64.Build.0 = Release|Any CPU
		{04B0DAA4-6B09-4F28-8C7C-08566024BB6B}.Release|x86.ActiveCfg = Release|Any CPU
		{04B0DAA4-6B09-4F28-8C7C-08566024BB6B}.Release|x86.Build.0 = Release|Any CPU
	EndGlobalSection
	GlobalSection(SolutionProperties) = preSolution
		HideSolutionNode = FALSE
	EndGlobalSection
	GlobalSection(NestedProjects) = preSolution
		{73AB4500-0876-4244-B592-50E235A14DCB} = {73C9739B-35D7-4153-B5EC-59A461BD39B2}
		{31CA76C4-83DA-461A-9018-FBC889A11386} = {73C9739B-35D7-4153-B5EC-59A461BD39B2}
		{C465718C-4CC1-44CF-8240-AC7779B599FC} = {73C9739B-35D7-4153-B5EC-59A461BD39B2}
		{A82487A9-DE80-451E-B700-2B93761E2D87} = {73C9739B-35D7-4153-B5EC-59A461BD39B2}
		{4BEB27CE-DDD7-4550-9C54-D61A38EB534A} = {73C9739B-35D7-4153-B5EC-59A461BD39B2}
		{4FF552C9-AE26-47C2-9A3F-A623916FD626} = {73C9739B-35D7-4153-B5EC-59A461BD39B2}
		{6C04CD8E-99DE-4822-B6F3-640456BAAAE9} = {73C9739B-35D7-4153-B5EC-59A461BD39B2}
		{18F9E525-B804-44C1-B516-DEA37591E4E9} = {73C9739B-35D7-4153-B5EC-59A461BD39B2}
		{08FEB9DD-BC24-49BC-8744-50FF41238897} = {73C9739B-35D7-4153-B5EC-59A461BD39B2}
		{04B0DAA4-6B09-4F28-8C7C-08566024BB6B} = {73C9739B-35D7-4153-B5EC-59A461BD39B2}
	EndGlobalSection
	GlobalSection(ExtensibilityGlobals) = postSolution
		SolutionGuid = {9275BA74-20AA-4678-AAAD-21545F27CEEA}
	EndGlobalSection
EndGlobal
