
Microsoft Visual Studio Solution File, Format Version 12.00
# Visual Studio 15
VisualStudioVersion = 15.0.26124.0
MinimumVisualStudioVersion = 15.0.26124.0
Project("{2150E333-8FDC-42A3-9474-1A3956D46DE8}") = "src", "src", "{73C9739B-35D7-4153-B5EC-59A461BD39B2}"
EndProject
Project("{FAE04EC0-301F-11D3-BF4B-00C04F79EFBC}") = "Epos.CmdLine", "src\Epos.CmdLine\Epos.CmdLine.csproj", "{73AB4500-0876-4244-B592-50E235A14DCB}"
EndProject
Project("{FAE04EC0-301F-11D3-BF4B-00C04F79EFBC}") = "Epos.CmdLine.Sample", "src\Epos.CmdLine.Sample\Epos.CmdLine.Sample.csproj", "{31CA76C4-83DA-461A-9018-FBC889A11386}"
EndProject
Project("{FAE04EC0-301F-11D3-BF4B-00C04F79EFBC}") = "Epos.CmdLine.Tests", "src\Epos.CmdLine.Tests\Epos.CmdLine.Tests.csproj", "{C465718C-4CC1-44CF-8240-AC7779B599FC}"
EndProject
Project("{FAE04EC0-301F-11D3-BF4B-00C04F79EFBC}") = "Epos.Foundation.Docs", "docs\Epos.Foundation.Docs.csproj", "{A82487A9-DE80-451E-B700-2B93761E2D87}"
EndProject
Project("{FAE04EC0-301F-11D3-BF4B-00C04F79EFBC}") = "Epos.Utilities", "src\Epos.Utilities\Epos.Utilities.csproj", "{4BEB27CE-DDD7-4550-9C54-D61A38EB534A}"
EndProject
Project("{FAE04EC0-301F-11D3-BF4B-00C04F79EFBC}") = "Epos.Utilities.Tests", "src\Epos.Utilities.Tests\Epos.Utilities.Tests.csproj", "{4FF552C9-AE26-47C2-9A3F-A623916FD626}"
EndProject
Global
	GlobalSection(SolutionConfigurationPlatforms) = preSolution
		Debug|Any CPU = Debug|Any CPU
		Debug|x64 = Debug|x64
		Debug|x86 = Debug|x86
		Release|Any CPU = Release|Any CPU
		Release|x64 = Release|x64
		Release|x86 = Release|x86
	EndGlobalSection
	GlobalSection(SolutionProperties) = preSolution
		HideSolutionNode = FALSE
	EndGlobalSection
	GlobalSection(ProjectConfigurationPlatforms) = postSolution
		{73AB4500-0876-4244-B592-50E235A14DCB}.Debug|Any CPU.ActiveCfg = Debug|Any CPU
		{73AB4500-0876-4244-B592-50E235A14DCB}.Debug|Any CPU.Build.0 = Debug|Any CPU
		{73AB4500-0876-4244-B592-50E235A14DCB}.Debug|x64.ActiveCfg = Debug|x64
		{73AB4500-0876-4244-B592-50E235A14DCB}.Debug|x64.Build.0 = Debug|x64
		{73AB4500-0876-4244-B592-50E235A14DCB}.Debug|x86.ActiveCfg = Debug|x86
		{73AB4500-0876-4244-B592-50E235A14DCB}.Debug|x86.Build.0 = Debug|x86
		{73AB4500-0876-4244-B592-50E235A14DCB}.Release|Any CPU.ActiveCfg = Release|Any CPU
		{73AB4500-0876-4244-B592-50E235A14DCB}.Release|Any CPU.Build.0 = Release|Any CPU
		{73AB4500-0876-4244-B592-50E235A14DCB}.Release|x64.ActiveCfg = Release|x64
		{73AB4500-0876-4244-B592-50E235A14DCB}.Release|x64.Build.0 = Release|x64
		{73AB4500-0876-4244-B592-50E235A14DCB}.Release|x86.ActiveCfg = Release|x86
		{73AB4500-0876-4244-B592-50E235A14DCB}.Release|x86.Build.0 = Release|x86
		{31CA76C4-83DA-461A-9018-FBC889A11386}.Debug|Any CPU.ActiveCfg = Debug|Any CPU
		{31CA76C4-83DA-461A-9018-FBC889A11386}.Debug|Any CPU.Build.0 = Debug|Any CPU
		{31CA76C4-83DA-461A-9018-FBC889A11386}.Debug|x64.ActiveCfg = Debug|x64
		{31CA76C4-83DA-461A-9018-FBC889A11386}.Debug|x64.Build.0 = Debug|x64
		{31CA76C4-83DA-461A-9018-FBC889A11386}.Debug|x86.ActiveCfg = Debug|x86
		{31CA76C4-83DA-461A-9018-FBC889A11386}.Debug|x86.Build.0 = Debug|x86
		{31CA76C4-83DA-461A-9018-FBC889A11386}.Release|Any CPU.ActiveCfg = Release|Any CPU
		{31CA76C4-83DA-461A-9018-FBC889A11386}.Release|Any CPU.Build.0 = Release|Any CPU
		{31CA76C4-83DA-461A-9018-FBC889A11386}.Release|x64.ActiveCfg = Release|x64
		{31CA76C4-83DA-461A-9018-FBC889A11386}.Release|x64.Build.0 = Release|x64
		{31CA76C4-83DA-461A-9018-FBC889A11386}.Release|x86.ActiveCfg = Release|x86
		{31CA76C4-83DA-461A-9018-FBC889A11386}.Release|x86.Build.0 = Release|x86
		{C465718C-4CC1-44CF-8240-AC7779B599FC}.Debug|Any CPU.ActiveCfg = Debug|Any CPU
		{C465718C-4CC1-44CF-8240-AC7779B599FC}.Debug|Any CPU.Build.0 = Debug|Any CPU
		{C465718C-4CC1-44CF-8240-AC7779B599FC}.Debug|x64.ActiveCfg = Debug|x64
		{C465718C-4CC1-44CF-8240-AC7779B599FC}.Debug|x64.Build.0 = Debug|x64
		{C465718C-4CC1-44CF-8240-AC7779B599FC}.Debug|x86.ActiveCfg = Debug|x86
		{C465718C-4CC1-44CF-8240-AC7779B599FC}.Debug|x86.Build.0 = Debug|x86
		{C465718C-4CC1-44CF-8240-AC7779B599FC}.Release|Any CPU.ActiveCfg = Release|Any CPU
		{C465718C-4CC1-44CF-8240-AC7779B599FC}.Release|Any CPU.Build.0 = Release|Any CPU
		{C465718C-4CC1-44CF-8240-AC7779B599FC}.Release|x64.ActiveCfg = Release|x64
		{C465718C-4CC1-44CF-8240-AC7779B599FC}.Release|x64.Build.0 = Release|x64
		{C465718C-4CC1-44CF-8240-AC7779B599FC}.Release|x86.ActiveCfg = Release|x86
		{C465718C-4CC1-44CF-8240-AC7779B599FC}.Release|x86.Build.0 = Release|x86
		{A82487A9-DE80-451E-B700-2B93761E2D87}.Debug|Any CPU.ActiveCfg = Debug|Any CPU
		{A82487A9-DE80-451E-B700-2B93761E2D87}.Debug|Any CPU.Build.0 = Debug|Any CPU
		{A82487A9-DE80-451E-B700-2B93761E2D87}.Debug|x64.ActiveCfg = Debug|x64
		{A82487A9-DE80-451E-B700-2B93761E2D87}.Debug|x64.Build.0 = Debug|x64
		{A82487A9-DE80-451E-B700-2B93761E2D87}.Debug|x86.ActiveCfg = Debug|x86
		{A82487A9-DE80-451E-B700-2B93761E2D87}.Debug|x86.Build.0 = Debug|x86
		{A82487A9-DE80-451E-B700-2B93761E2D87}.Release|Any CPU.ActiveCfg = Release|Any CPU
		{A82487A9-DE80-451E-B700-2B93761E2D87}.Release|Any CPU.Build.0 = Release|Any CPU
		{A82487A9-DE80-451E-B700-2B93761E2D87}.Release|x64.ActiveCfg = Release|x64
		{A82487A9-DE80-451E-B700-2B93761E2D87}.Release|x64.Build.0 = Release|x64
		{A82487A9-DE80-451E-B700-2B93761E2D87}.Release|x86.ActiveCfg = Release|x86
		{A82487A9-DE80-451E-B700-2B93761E2D87}.Release|x86.Build.0 = Release|x86
		{4BEB27CE-DDD7-4550-9C54-D61A38EB534A}.Debug|Any CPU.ActiveCfg = Debug|Any CPU
		{4BEB27CE-DDD7-4550-9C54-D61A38EB534A}.Debug|Any CPU.Build.0 = Debug|Any CPU
		{4BEB27CE-DDD7-4550-9C54-D61A38EB534A}.Debug|x64.ActiveCfg = Debug|x64
		{4BEB27CE-DDD7-4550-9C54-D61A38EB534A}.Debug|x64.Build.0 = Debug|x64
		{4BEB27CE-DDD7-4550-9C54-D61A38EB534A}.Debug|x86.ActiveCfg = Debug|x86
		{4BEB27CE-DDD7-4550-9C54-D61A38EB534A}.Debug|x86.Build.0 = Debug|x86
		{4BEB27CE-DDD7-4550-9C54-D61A38EB534A}.Release|Any CPU.ActiveCfg = Release|Any CPU
		{4BEB27CE-DDD7-4550-9C54-D61A38EB534A}.Release|Any CPU.Build.0 = Release|Any CPU
		{4BEB27CE-DDD7-4550-9C54-D61A38EB534A}.Release|x64.ActiveCfg = Release|x64
		{4BEB27CE-DDD7-4550-9C54-D61A38EB534A}.Release|x64.Build.0 = Release|x64
		{4BEB27CE-DDD7-4550-9C54-D61A38EB534A}.Release|x86.ActiveCfg = Release|x86
		{4BEB27CE-DDD7-4550-9C54-D61A38EB534A}.Release|x86.Build.0 = Release|x86
		{4FF552C9-AE26-47C2-9A3F-A623916FD626}.Debug|Any CPU.ActiveCfg = Debug|Any CPU
		{4FF552C9-AE26-47C2-9A3F-A623916FD626}.Debug|Any CPU.Build.0 = Debug|Any CPU
		{4FF552C9-AE26-47C2-9A3F-A623916FD626}.Debug|x64.ActiveCfg = Debug|x64
		{4FF552C9-AE26-47C2-9A3F-A623916FD626}.Debug|x64.Build.0 = Debug|x64
		{4FF552C9-AE26-47C2-9A3F-A623916FD626}.Debug|x86.ActiveCfg = Debug|x86
		{4FF552C9-AE26-47C2-9A3F-A623916FD626}.Debug|x86.Build.0 = Debug|x86
		{4FF552C9-AE26-47C2-9A3F-A623916FD626}.Release|Any CPU.ActiveCfg = Release|Any CPU
		{4FF552C9-AE26-47C2-9A3F-A623916FD626}.Release|Any CPU.Build.0 = Release|Any CPU
		{4FF552C9-AE26-47C2-9A3F-A623916FD626}.Release|x64.ActiveCfg = Release|x64
		{4FF552C9-AE26-47C2-9A3F-A623916FD626}.Release|x64.Build.0 = Release|x64
		{4FF552C9-AE26-47C2-9A3F-A623916FD626}.Release|x86.ActiveCfg = Release|x86
		{4FF552C9-AE26-47C2-9A3F-A623916FD626}.Release|x86.Build.0 = Release|x86
	EndGlobalSection
	GlobalSection(NestedProjects) = preSolution
		{73AB4500-0876-4244-B592-50E235A14DCB} = {73C9739B-35D7-4153-B5EC-59A461BD39B2}
		{31CA76C4-83DA-461A-9018-FBC889A11386} = {73C9739B-35D7-4153-B5EC-59A461BD39B2}
		{C465718C-4CC1-44CF-8240-AC7779B599FC} = {73C9739B-35D7-4153-B5EC-59A461BD39B2}
		{A82487A9-DE80-451E-B700-2B93761E2D87} = {73C9739B-35D7-4153-B5EC-59A461BD39B2}
		{4BEB27CE-DDD7-4550-9C54-D61A38EB534A} = {73C9739B-35D7-4153-B5EC-59A461BD39B2}
		{4FF552C9-AE26-47C2-9A3F-A623916FD626} = {73C9739B-35D7-4153-B5EC-59A461BD39B2}
	EndGlobalSection
EndGlobal
